
Microsoft Visual Studio Solution File, Format Version 12.00
# Visual Studio Version 17
VisualStudioVersion = 17.7.34031.279
MinimumVisualStudioVersion = 10.0.40219.1
Project("{9A19103F-16F7-4668-BE54-9A1E7A4F7556}") = "ODataStringToExpression", "ODataStringToExpression\ODataStringToExpression.csproj", "{65872BB3-6B2F-4D86-B324-72574017AAE4}"
EndProject
Project("{FAE04EC0-301F-11D3-BF4B-00C04F79EFBC}") = "ODataStringToExpression.Test", "ODataStringToExpression.Test\ODataStringToExpression.Test.csproj", "{D69CB506-913C-4265-B914-3A3E48D63A92}"
EndProject
Global
	GlobalSection(SolutionConfigurationPlatforms) = preSolution
		Debug|Any CPU = Debug|Any CPU
		Release|Any CPU = Release|Any CPU
	EndGlobalSection
	GlobalSection(ProjectConfigurationPlatforms) = postSolution
		{65872BB3-6B2F-4D86-B324-72574017AAE4}.Debug|Any CPU.ActiveCfg = Debug|Any CPU
		{65872BB3-6B2F-4D86-B324-72574017AAE4}.Debug|Any CPU.Build.0 = Debug|Any CPU
		{65872BB3-6B2F-4D86-B324-72574017AAE4}.Release|Any CPU.ActiveCfg = Release|Any CPU
		{65872BB3-6B2F-4D86-B324-72574017AAE4}.Release|Any CPU.Build.0 = Release|Any CPU
		{D69CB506-913C-4265-B914-3A3E48D63A92}.Debug|Any CPU.ActiveCfg = Debug|Any CPU
		{D69CB506-913C-4265-B914-3A3E48D63A92}.Debug|Any CPU.Build.0 = Debug|Any CPU
		{D69CB506-913C-4265-B914-3A3E48D63A92}.Release|Any CPU.ActiveCfg = Release|Any CPU
		{D69CB506-913C-4265-B914-3A3E48D63A92}.Release|Any CPU.Build.0 = Release|Any CPU
	EndGlobalSection
	GlobalSection(SolutionProperties) = preSolution
		HideSolutionNode = FALSE
	EndGlobalSection
	GlobalSection(ExtensibilityGlobals) = postSolution
		SolutionGuid = {F6623316-35E2-4C14-84B9-A8D78C77A710}
	EndGlobalSection
EndGlobal
